PODS:
  - Alamofire (4.0.1)
  - ChameleonFramework/Default (2.1.0)
  - ChameleonFramework/Swift (2.1.0):
    - ChameleonFramework/Default
  - DGActivityIndicatorView (2.1)
  - GaugeKit (0.4.0)
  - ObjectMapper (2.0.0)
  - Realm (2.0.2):
    - Realm/Headers (= 2.0.2)
  - Realm/Headers (2.0.2)
  - RealmSwift (2.0.2):
    - Realm (= 2.0.2)
  - SCLAlertView (0.6.0)
  - StatefulViewController (1.2)

DEPENDENCIES:
  - Alamofire (~> 4.0)
  - ChameleonFramework/Swift (from `https://github.com/ViccAlexander/Chameleon.git`, branch `swift3`)
  - DGActivityIndicatorView
  - GaugeKit (from `https://github.com/skywinder/GaugeKit.git`, branch `master`)
  - ObjectMapper (~> 2.0)
  - RealmSwift
  - SCLAlertView (from `https://github.com/vikmeup/SCLAlertView-Swift.git`, branch `master`)
  - StatefulViewController (from `https://github.com/aschuch/StatefulViewController.git`, branch `swift3.0`)

EXTERNAL SOURCES:
  ChameleonFramework:
    :branch: swift3
    :git: https://github.com/ViccAlexander/Chameleon.git
  GaugeKit:
    :branch: master
    :git: https://github.com/skywinder/GaugeKit.git
  SCLAlertView:
    :branch: master
    :git: https://github.com/vikmeup/SCLAlertView-Swift.git
  StatefulViewController:
    :branch: swift3.0
    :git: https://github.com/aschuch/StatefulViewController.git

CHECKOUT OPTIONS:
  ChameleonFramework:
    :commit: c400c32eead1c6e74008983c3e7c845ae069b41d
    :git: https://github.com/ViccAlexander/Chameleon.git
  GaugeKit:
    :commit: 66c587879d5cc686a3d144f20f145c3ef5170a12
    :git: https://github.com/skywinder/GaugeKit.git
  SCLAlertView:
    :commit: ac3d58970d785da0755049a28eca193893c142d0
    :git: https://github.com/vikmeup/SCLAlertView-Swift.git
  StatefulViewController:
    :commit: 432058b426345c34dfbd943a5835e2e82e43033f
    :git: https://github.com/aschuch/StatefulViewController.git

SPEC CHECKSUMS:
  Alamofire: 7682d43245de14874acd142ec137b144aa1dd335
  ChameleonFramework: d21a3cc247abfe5e37609a283a8238b03575cf64
  DGActivityIndicatorView: 1942ae657a8d247c035f229422b2d15a8adbe5b6
  GaugeKit: 2ca3e2b939c362cce324125c84d8192586b9ee29
  ObjectMapper: aed2570edabbd3c9b26c939e1cabdb6558f933e0
  Realm: 0f5a194af0b7e6158b83db41b4ee1a00be7ddf1a
  RealmSwift: 0eb5070d851cba7c66e841ca756d83609dc78bc8
  SCLAlertView: 0f6b3c23a48b4993564ff1dd3c065782e4b2b687
  StatefulViewController: 58a8134ea4a2f43504a9671700385f699450d018

PODFILE CHECKSUM: 5abd54abbe6d2da81aed1778a2c045ba284fb018

COCOAPODS: 1.0.1
